// !$*UTF8*$!
{
	archiveVersion = 1;
	classes = {
	};
	objectVersion = 46;
	objects = {

/* Begin PBXBuildFile section */
		8302CEC21E7A854000AA9E94 /* Assets.xcassets in Resources */ = {isa = PBXBuildFile; fileRef = 8302CEBA1E7A854000AA9E94 /* Assets.xcassets */; };
		8302CEC31E7A854000AA9E94 /* LaunchScreen.storyboard in Resources */ = {isa = PBXBuildFile; fileRef = 8302CEBB1E7A854000AA9E94 /* LaunchScreen.storyboard */; };
		8302CEC41E7A854000AA9E94 /* Main.storyboard in Resources */ = {isa = PBXBuildFile; fileRef = 8302CEBD1E7A854000AA9E94 /* Main.storyboard */; };
		8302CEC51E7A854000AA9E94 /* Info.plist in Resources */ = {isa = PBXBuildFile; fileRef = 8302CEBF1E7A854000AA9E94 /* Info.plist */; };
		8302CEC61E7A854000AA9E94 /* SwiftImageDemo-iOS.swift in Sources */ = {isa = PBXBuildFile; fileRef = 8302CEC01E7A854000AA9E94 /* SwiftImageDemo-iOS.swift */; };
		8302CEC71E7A854000AA9E94 /* ViewController.swift in Sources */ = {isa = PBXBuildFile; fileRef = 8302CEC11E7A854000AA9E94 /* ViewController.swift */; };
		839001941E7A9F820031AF8F /* SwiftImage-iOS.framework in Frameworks */ = {isa = PBXBuildFile; fileRef = 8302CF5A1E7A9C6200AA9E94 /* SwiftImage-iOS.framework */; };
		839001951E7A9F820031AF8F /* SwiftImage-iOS.framework in Embed Frameworks */ = {isa = PBXBuildFile; fileRef = 8302CF5A1E7A9C6200AA9E94 /* SwiftImage-iOS.framework */; settings = {ATTRIBUTES = (CodeSignOnCopy, RemoveHeadersOnCopy, ); }; };
		839001981E7A9F820031AF8F /* SwiftImage.framework in Frameworks */ = {isa = PBXBuildFile; fileRef = 8302CEFC1E7A9A7400AA9E94 /* SwiftImage.framework */; };
		839001991E7A9F820031AF8F /* SwiftImage.framework in Embed Frameworks */ = {isa = PBXBuildFile; fileRef = 8302CEFC1E7A9A7400AA9E94 /* SwiftImage.framework */; settings = {ATTRIBUTES = (CodeSignOnCopy, RemoveHeadersOnCopy, ); }; };
		83F693BF1B6E348800935885 /* swiftLogo.png in Resources */ = {isa = PBXBuildFile; fileRef = 83F693BE1B6E348800935885 /* swiftLogo.png */; };
/* End PBXBuildFile section */

/* Begin PBXContainerItemProxy section */
		8302CEFB1E7A9A7400AA9E94 /* PBXContainerItemProxy */ = {
			isa = PBXContainerItemProxy;
			containerPortal = 8302CEF61E7A9A7400AA9E94 /* SwiftImage.xcodeproj */;
			proxyType = 2;
			remoteGlobalIDString = 8302CED31E7A9A3C00AA9E94;
			remoteInfo = SwiftImage;
		};
		8302CEFD1E7A9A7400AA9E94 /* PBXContainerItemProxy */ = {
			isa = PBXContainerItemProxy;
			containerPortal = 8302CEF61E7A9A7400AA9E94 /* SwiftImage.xcodeproj */;
			proxyType = 2;
			remoteGlobalIDString = 8302CEDC1E7A9A3C00AA9E94;
			remoteInfo = SwiftImageTests;
		};
		8302CF591E7A9C6200AA9E94 /* PBXContainerItemProxy */ = {
			isa = PBXContainerItemProxy;
			containerPortal = 8302CF541E7A9C6200AA9E94 /* SwiftImage-iOS.xcodeproj */;
			proxyType = 2;
			remoteGlobalIDString = 8302CF311E7A9B5600AA9E94;
			remoteInfo = "SwiftImage-iOS";
		};
		8302CF5B1E7A9C6200AA9E94 /* PBXContainerItemProxy */ = {
			isa = PBXContainerItemProxy;
			containerPortal = 8302CF541E7A9C6200AA9E94 /* SwiftImage-iOS.xcodeproj */;
			proxyType = 2;
			remoteGlobalIDString = 8302CF3A1E7A9B5600AA9E94;
			remoteInfo = "SwiftImage-iOSTests";
		};
		839001961E7A9F820031AF8F /* PBXContainerItemProxy */ = {
			isa = PBXContainerItemProxy;
			containerPortal = 8302CF541E7A9C6200AA9E94 /* SwiftImage-iOS.xcodeproj */;
			proxyType = 1;
			remoteGlobalIDString = 8302CF301E7A9B5600AA9E94;
			remoteInfo = "SwiftImage-iOS";
		};
		8390019A1E7A9F820031AF8F /* PBXContainerItemProxy */ = {
			isa = PBXContainerItemProxy;
			containerPortal = 8302CEF61E7A9A7400AA9E94 /* SwiftImage.xcodeproj */;
			proxyType = 1;
			remoteGlobalIDString = 8302CED21E7A9A3C00AA9E94;
			remoteInfo = SwiftImage;
		};
/* End PBXContainerItemProxy section */

/* Begin PBXCopyFilesBuildPhase section */
		8390019C1E7A9F820031AF8F /* Embed Frameworks */ = {
			isa = PBXCopyFilesBuildPhase;
			buildActionMask = 2147483647;
			dstPath = "";
			dstSubfolderSpec = 10;
			files = (
				839001991E7A9F820031AF8F /* SwiftImage.framework in Embed Frameworks */,
				839001951E7A9F820031AF8F /* SwiftImage-iOS.framework in Embed Frameworks */,
			);
			name = "Embed Frameworks";
			runOnlyForDeploymentPostprocessing = 0;
		};
/* End PBXCopyFilesBuildPhase section */

/* Begin PBXFileReference section */
		8302CEBA1E7A854000AA9E94 /* Assets.xcassets */ = {isa = PBXFileReference; lastKnownFileType = folder.assetcatalog; path = Assets.xcassets; sourceTree = "<group>"; };
		8302CEBC1E7A854000AA9E94 /* Base */ = {isa = PBXFileReference; lastKnownFileType = file.storyboard; name = Base; path = Base.lproj/LaunchScreen.storyboard; sourceTree = "<group>"; };
		8302CEBE1E7A854000AA9E94 /* Base */ = {isa = PBXFileReference; lastKnownFileType = file.storyboard; name = Base; path = Base.lproj/Main.storyboard; sourceTree = "<group>"; };
		8302CEBF1E7A854000AA9E94 /* Info.plist */ = {isa = PBXFileReference; fileEncoding = 4; lastKnownFileType = text.plist.xml; path = Info.plist; sourceTree = "<group>"; };
		8302CEC01E7A854000AA9E94 /* SwiftImageDemo-iOS.swift */ = {isa = PBXFileReference; fileEncoding = 4; lastKnownFileType = sourcecode.swift; path = "SwiftImageDemo-iOS.swift"; sourceTree = "<group>"; };
		8302CEC11E7A854000AA9E94 /* ViewController.swift */ = {isa = PBXFileReference; fileEncoding = 4; lastKnownFileType = sourcecode.swift; path = ViewController.swift; sourceTree = "<group>"; };
		8302CEF61E7A9A7400AA9E94 /* SwiftImage.xcodeproj */ = {isa = PBXFileReference; lastKnownFileType = "wrapper.pb-project"; name = SwiftImage.xcodeproj; path = Packages/SwiftImage/SwiftImage.xcodeproj; sourceTree = "<group>"; };
		8302CF541E7A9C6200AA9E94 /* SwiftImage-iOS.xcodeproj */ = {isa = PBXFileReference; lastKnownFileType = "wrapper.pb-project"; name = "SwiftImage-iOS.xcodeproj"; path = "Packages/SwiftImage-iOS/SwiftImage-iOS.xcodeproj"; sourceTree = "<group>"; };
		83A2A5201B6CB10A00FCA483 /* SwiftImageDemo.app */ = {isa = PBXFileReference; explicitFileType = wrapper.application; includeInIndex = 0; path = SwiftImageDemo.app; sourceTree = BUILT_PRODUCTS_DIR; };
		83F693BE1B6E348800935885 /* swiftLogo.png */ = {isa = PBXFileReference; lastKnownFileType = image.png; name = swiftLogo.png; path = Resources/swiftLogo.png; sourceTree = "<group>"; };
/* End PBXFileReference section */

/* Begin PBXFrameworksBuildPhase section */
		83A2A51D1B6CB10A00FCA483 /* Frameworks */ = {
			isa = PBXFrameworksBuildPhase;
			buildActionMask = 2147483647;
			files = (
				839001981E7A9F820031AF8F /* SwiftImage.framework in Frameworks */,
				839001941E7A9F820031AF8F /* SwiftImage-iOS.framework in Frameworks */,
			);
			runOnlyForDeploymentPostprocessing = 0;
		};
/* End PBXFrameworksBuildPhase section */

/* Begin PBXGroup section */
		8302CEB91E7A854000AA9E94 /* Sources */ = {
			isa = PBXGroup;
			children = (
				8302CEBA1E7A854000AA9E94 /* Assets.xcassets */,
				8302CEBB1E7A854000AA9E94 /* LaunchScreen.storyboard */,
				8302CEBD1E7A854000AA9E94 /* Main.storyboard */,
				8302CEBF1E7A854000AA9E94 /* Info.plist */,
				8302CEC01E7A854000AA9E94 /* SwiftImageDemo-iOS.swift */,
				8302CEC11E7A854000AA9E94 /* ViewController.swift */,
			);
			path = Sources;
			sourceTree = "<group>";
		};
		8302CEC81E7A8CE800AA9E94 /* Dependencies */ = {
			isa = PBXGroup;
			children = (
				8302CF541E7A9C6200AA9E94 /* SwiftImage-iOS.xcodeproj */,
				8302CEF61E7A9A7400AA9E94 /* SwiftImage.xcodeproj */,
			);
			name = Dependencies;
			sourceTree = "<group>";
		};
		8302CEF71E7A9A7400AA9E94 /* Products */ = {
			isa = PBXGroup;
			children = (
				8302CEFC1E7A9A7400AA9E94 /* SwiftImage.framework */,
				8302CEFE1E7A9A7400AA9E94 /* SwiftImageTests.xctest */,
			);
			name = Products;
			sourceTree = "<group>";
		};
		8302CF551E7A9C6200AA9E94 /* Products */ = {
			isa = PBXGroup;
			children = (
				8302CF5A1E7A9C6200AA9E94 /* SwiftImage-iOS.framework */,
				8302CF5C1E7A9C6200AA9E94 /* SwiftImage-iOSTests.xctest */,
			);
			name = Products;
			sourceTree = "<group>";
		};
		83A2A5171B6CB10A00FCA483 = {
			isa = PBXGroup;
			children = (
				8302CEC81E7A8CE800AA9E94 /* Dependencies */,
				8302CEB91E7A854000AA9E94 /* Sources */,
				83A2A53F1B6CB14500FCA483 /* Resources */,
				83A2A5211B6CB10A00FCA483 /* Products */,
			);
			sourceTree = "<group>";
		};
		83A2A5211B6CB10A00FCA483 /* Products */ = {
			isa = PBXGroup;
			children = (
				83A2A5201B6CB10A00FCA483 /* SwiftImageDemo.app */,
			);
			name = Products;
			sourceTree = "<group>";
		};
		83A2A53F1B6CB14500FCA483 /* Resources */ = {
			isa = PBXGroup;
			children = (
				83F693BE1B6E348800935885 /* swiftLogo.png */,
			);
			name = Resources;
			sourceTree = "<group>";
		};
/* End PBXGroup section */

/* Begin PBXNativeTarget section */
		83A2A51F1B6CB10A00FCA483 /* SwiftImageDemo */ = {
			isa = PBXNativeTarget;
			buildConfigurationList = 83A2A5321B6CB10A00FCA483 /* Build configuration list for PBXNativeTarget "SwiftImageDemo" */;
			buildPhases = (
				83A2A51C1B6CB10A00FCA483 /* Sources */,
				83A2A51D1B6CB10A00FCA483 /* Frameworks */,
				83A2A51E1B6CB10A00FCA483 /* Resources */,
				8390019C1E7A9F820031AF8F /* Embed Frameworks */,
			);
			buildRules = (
			);
			dependencies = (
				839001971E7A9F820031AF8F /* PBXTargetDependency */,
				8390019B1E7A9F820031AF8F /* PBXTargetDependency */,
			);
			name = SwiftImageDemo;
			productName = SwiftImageDemo;
			productReference = 83A2A5201B6CB10A00FCA483 /* SwiftImageDemo.app */;
			productType = "com.apple.product-type.application";
		};
/* End PBXNativeTarget section */

/* Begin PBXProject section */
		83A2A5181B6CB10A00FCA483 /* Project object */ = {
			isa = PBXProject;
			attributes = {
				LastUpgradeCheck = 0810;
				ORGANIZATIONNAME = "Chris Hatton";
				TargetAttributes = {
					83A2A51F1B6CB10A00FCA483 = {
						CreatedOnToolsVersion = 7.0;
						DevelopmentTeam = 4P899MY75T;
						LastSwiftMigration = 0800;
					};
				};
			};
			buildConfigurationList = 83A2A51B1B6CB10A00FCA483 /* Build configuration list for PBXProject "SwiftImageDemo" */;
			compatibilityVersion = "Xcode 3.2";
			developmentRegion = English;
			hasScannedForEncodings = 0;
			knownRegions = (
				en,
				Base,
			);
			mainGroup = 83A2A5171B6CB10A00FCA483;
			productRefGroup = 83A2A5211B6CB10A00FCA483 /* Products */;
			projectDirPath = "";
			projectReferences = (
				{
					ProductGroup = 8302CF551E7A9C6200AA9E94 /* Products */;
					ProjectRef = 8302CF541E7A9C6200AA9E94 /* SwiftImage-iOS.xcodeproj */;
				},
				{
					ProductGroup = 8302CEF71E7A9A7400AA9E94 /* Products */;
					ProjectRef = 8302CEF61E7A9A7400AA9E94 /* SwiftImage.xcodeproj */;
				},
			);
			projectRoot = "";
			targets = (
				83A2A51F1B6CB10A00FCA483 /* SwiftImageDemo */,
			);
		};
/* End PBXProject section */

/* Begin PBXReferenceProxy section */
		8302CEFC1E7A9A7400AA9E94 /* SwiftImage.framework */ = {
			isa = PBXReferenceProxy;
			fileType = wrapper.framework;
			path = SwiftImage.framework;
			remoteRef = 8302CEFB1E7A9A7400AA9E94 /* PBXContainerItemProxy */;
			sourceTree = BUILT_PRODUCTS_DIR;
		};
		8302CEFE1E7A9A7400AA9E94 /* SwiftImageTests.xctest */ = {
			isa = PBXReferenceProxy;
			fileType = wrapper.cfbundle;
			path = SwiftImageTests.xctest;
			remoteRef = 8302CEFD1E7A9A7400AA9E94 /* PBXContainerItemProxy */;
			sourceTree = BUILT_PRODUCTS_DIR;
		};
		8302CF5A1E7A9C6200AA9E94 /* SwiftImage-iOS.framework */ = {
			isa = PBXReferenceProxy;
			fileType = wrapper.framework;
			path = "SwiftImage-iOS.framework";
			remoteRef = 8302CF591E7A9C6200AA9E94 /* PBXContainerItemProxy */;
			sourceTree = BUILT_PRODUCTS_DIR;
		};
		8302CF5C1E7A9C6200AA9E94 /* SwiftImage-iOSTests.xctest */ = {
			isa = PBXReferenceProxy;
			fileType = wrapper.cfbundle;
			path = "SwiftImage-iOSTests.xctest";
			remoteRef = 8302CF5B1E7A9C6200AA9E94 /* PBXContainerItemProxy */;
			sourceTree = BUILT_PRODUCTS_DIR;
		};
/* End PBXReferenceProxy section */

/* Begin PBXResourcesBuildPhase section */
		83A2A51E1B6CB10A00FCA483 /* Resources */ = {
			isa = PBXResourcesBuildPhase;
			buildActionMask = 2147483647;
			files = (
				8302CEC31E7A854000AA9E94 /* LaunchScreen.storyboard in Resources */,
				8302CEC21E7A854000AA9E94 /* Assets.xcassets in Resources */,
				83F693BF1B6E348800935885 /* swiftLogo.png in Resources */,
				8302CEC51E7A854000AA9E94 /* Info.plist in Resources */,
				8302CEC41E7A854000AA9E94 /* Main.storyboard in Resources */,
			);
			runOnlyForDeploymentPostprocessing = 0;
		};
/* End PBXResourcesBuildPhase section */

/* Begin PBXSourcesBuildPhase section */
		83A2A51C1B6CB10A00FCA483 /* Sources */ = {
			isa = PBXSourcesBuildPhase;
			buildActionMask = 2147483647;
			files = (
				8302CEC71E7A854000AA9E94 /* ViewController.swift in Sources */,
				8302CEC61E7A854000AA9E94 /* SwiftImageDemo-iOS.swift in Sources */,
			);
			runOnlyForDeploymentPostprocessing = 0;
		};
/* End PBXSourcesBuildPhase section */

/* Begin PBXTargetDependency section */
		839001971E7A9F820031AF8F /* PBXTargetDependency */ = {
			isa = PBXTargetDependency;
			name = "SwiftImage-iOS";
			targetProxy = 839001961E7A9F820031AF8F /* PBXContainerItemProxy */;
		};
		8390019B1E7A9F820031AF8F /* PBXTargetDependency */ = {
			isa = PBXTargetDependency;
			name = SwiftImage;
			targetProxy = 8390019A1E7A9F820031AF8F /* PBXContainerItemProxy */;
		};
/* End PBXTargetDependency section */

/* Begin PBXVariantGroup section */
		8302CEBB1E7A854000AA9E94 /* LaunchScreen.storyboard */ = {
			isa = PBXVariantGroup;
			children = (
				8302CEBC1E7A854000AA9E94 /* Base */,
			);
			name = LaunchScreen.storyboard;
			sourceTree = "<group>";
		};
		8302CEBD1E7A854000AA9E94 /* Main.storyboard */ = {
			isa = PBXVariantGroup;
			children = (
				8302CEBE1E7A854000AA9E94 /* Base */,
			);
			name = Main.storyboard;
			sourceTree = "<group>";
		};
/* End PBXVariantGroup section */

/* Begin XCBuildConfiguration section */
		83A2A5301B6CB10A00FCA483 /* Debug */ = {
			isa = XCBuildConfiguration;
			buildSettings = {
				ALWAYS_SEARCH_USER_PATHS = NO;
				CLANG_CXX_LANGUAGE_STANDARD = "gnu++0x";
				CLANG_CXX_LIBRARY = "libc++";
				CLANG_ENABLE_MODULES = YES;
				CLANG_ENABLE_OBJC_ARC = YES;
				CLANG_WARN_BOOL_CONVERSION = YES;
				CLANG_WARN_CONSTANT_CONVERSION = YES;
				CLANG_WARN_DIRECT_OBJC_ISA_USAGE = YES_ERROR;
				CLANG_WARN_EMPTY_BODY = YES;
				CLANG_WARN_ENUM_CONVERSION = YES;
				CLANG_WARN_INFINITE_RECURSION = YES;
				CLANG_WARN_INT_CONVERSION = YES;
				CLANG_WARN_OBJC_ROOT_CLASS = YES_ERROR;
				CLANG_WARN_SUSPICIOUS_MOVE = YES;
				CLANG_WARN_UNREACHABLE_CODE = YES;
				CLANG_WARN__DUPLICATE_METHOD_MATCH = YES;
				"CODE_SIGN_IDENTITY[sdk=iphoneos*]" = "iPhone Developer";
				COPY_PHASE_STRIP = NO;
				DEBUG_INFORMATION_FORMAT = dwarf;
				ENABLE_STRICT_OBJC_MSGSEND = YES;
				ENABLE_TESTABILITY = YES;
				GCC_C_LANGUAGE_STANDARD = gnu99;
				GCC_DYNAMIC_NO_PIC = NO;
				GCC_NO_COMMON_BLOCKS = YES;
				GCC_OPTIMIZATION_LEVEL = 0;
				GCC_PREPROCESSOR_DEFINITIONS = (
					"DEBUG=1",
					"$(inherited)",
				);
				GCC_WARN_64_TO_32_BIT_CONVERSION = YES;
				GCC_WARN_ABOUT_RETURN_TYPE = YES_ERROR;
				GCC_WARN_UNDECLARED_SELECTOR = YES;
				GCC_WARN_UNINITIALIZED_AUTOS = YES_AGGRESSIVE;
				GCC_WARN_UNUSED_FUNCTION = YES;
				GCC_WARN_UNUSED_VARIABLE = YES;
				IPHONEOS_DEPLOYMENT_TARGET = 10.0;
				MTL_ENABLE_DEBUG_INFO = YES;
				ONLY_ACTIVE_ARCH = YES;
				SDKROOT = iphoneos;
				SWIFT_OPTIMIZATION_LEVEL = "-Onone";
				TARGETED_DEVICE_FAMILY = "1,2";
			};
			name = Debug;
		};
		83A2A5311B6CB10A00FCA483 /* Release */ = {
			isa = XCBuildConfiguration;
			buildSettings = {
				ALWAYS_SEARCH_USER_PATHS = NO;
				CLANG_CXX_LANGUAGE_STANDARD = "gnu++0x";
				CLANG_CXX_LIBRARY = "libc++";
				CLANG_ENABLE_MODULES = YES;
				CLANG_ENABLE_OBJC_ARC = YES;
				CLANG_WARN_BOOL_CONVERSION = YES;
				CLANG_WARN_CONSTANT_CONVERSION = YES;
				CLANG_WARN_DIRECT_OBJC_ISA_USAGE = YES_ERROR;
				CLANG_WARN_EMPTY_BODY = YES;
				CLANG_WARN_ENUM_CONVERSION = YES;
				CLANG_WARN_INFINITE_RECURSION = YES;
				CLANG_WARN_INT_CONVERSION = YES;
				CLANG_WARN_OBJC_ROOT_CLASS = YES_ERROR;
				CLANG_WARN_SUSPICIOUS_MOVE = YES;
				CLANG_WARN_UNREACHABLE_CODE = YES;
				CLANG_WARN__DUPLICATE_METHOD_MATCH = YES;
				"CODE_SIGN_IDENTITY[sdk=iphoneos*]" = "iPhone Developer";
				COPY_PHASE_STRIP = NO;
				DEBUG_INFORMATION_FORMAT = "dwarf-with-dsym";
				ENABLE_NS_ASSERTIONS = NO;
				ENABLE_STRICT_OBJC_MSGSEND = YES;
				GCC_C_LANGUAGE_STANDARD = gnu99;
				GCC_NO_COMMON_BLOCKS = YES;
				GCC_WARN_64_TO_32_BIT_CONVERSION = YES;
				GCC_WARN_ABOUT_RETURN_TYPE = YES_ERROR;
				GCC_WARN_UNDECLARED_SELECTOR = YES;
				GCC_WARN_UNINITIALIZED_AUTOS = YES_AGGRESSIVE;
				GCC_WARN_UNUSED_FUNCTION = YES;
				GCC_WARN_UNUSED_VARIABLE = YES;
				IPHONEOS_DEPLOYMENT_TARGET = 10.0;
				MTL_ENABLE_DEBUG_INFO = NO;
				SDKROOT = iphoneos;
				TARGETED_DEVICE_FAMILY = "1,2";
				VALIDATE_PRODUCT = YES;
			};
			name = Release;
		};
		83A2A5331B6CB10A00FCA483 /* Debug */ = {
			isa = XCBuildConfiguration;
			buildSettings = {
				ASSETCATALOG_COMPILER_APPICON_NAME = AppIcon;
				CODE_SIGN_IDENTITY = "iPhone Developer";
				DEVELOPMENT_TEAM = 4P899MY75T;
				INFOPLIST_FILE = SwiftImageDemo/Info.plist;
				LD_RUNPATH_SEARCH_PATHS = "$(inherited) @executable_path/Frameworks";
				PRODUCT_BUNDLE_IDENTIFIER = org.chrisHatton.SwiftImageDemo;
				PRODUCT_NAME = "$(TARGET_NAME)";
				SWIFT_VERSION = 3.0;
			};
			name = Debug;
		};
		83A2A5341B6CB10A00FCA483 /* Release */ = {
			isa = XCBuildConfiguration;
			buildSettings = {
				ASSETCATALOG_COMPILER_APPICON_NAME = AppIcon;
				DEVELOPMENT_TEAM = 4P899MY75T;
				INFOPLIST_FILE = SwiftImageDemo/Info.plist;
				LD_RUNPATH_SEARCH_PATHS = "$(inherited) @executable_path/Frameworks";
				PRODUCT_BUNDLE_IDENTIFIER = org.chrisHatton.SwiftImageDemo;
				PRODUCT_NAME = "$(TARGET_NAME)";
				SWIFT_OPTIMIZATION_LEVEL = "-Owholemodule";
				SWIFT_VERSION = 3.0;
			};
			name = Release;
		};
/* End XCBuildConfiguration section */

/* Begin XCConfigurationList section */
		83A2A51B1B6CB10A00FCA483 /* Build configuration list for PBXProject "SwiftImageDemo" */ = {
			isa = XCConfigurationList;
			buildConfigurations = (
				83A2A5301B6CB10A00FCA483 /* Debug */,
				83A2A5311B6CB10A00FCA483 /* Release */,
			);
			defaultConfigurationIsVisible = 0;
			defaultConfigurationName = Release;
		};
		83A2A5321B6CB10A00FCA483 /* Build configuration list for PBXNativeTarget "SwiftImageDemo" */ = {
			isa = XCConfigurationList;
			buildConfigurations = (
				83A2A5331B6CB10A00FCA483 /* Debug */,
				83A2A5341B6CB10A00FCA483 /* Release */,
			);
			defaultConfigurationIsVisible = 0;
			defaultConfigurationName = Release;
		};
/* End XCConfigurationList section */
	};
	rootObject = 83A2A5181B6CB10A00FCA483 /* Project object */;
}
